
Microsoft Visual Studio Solution File, Format Version 12.00
# Visual Studio Version 16
VisualStudioVersion = 16.0.29306.81
MinimumVisualStudioVersion = 10.0.40219.1
Project("{FAE04EC0-301F-11D3-BF4B-00C04F79EFBC}") = "cvekSpraljaJakovVjezba", "cvekSpraljaJakovVjezba\cvekSpraljaJakovVjezba.csproj", "{B7578AD3-5640-45BA-B337-A2FA8CBC0473}"
EndProject
Global
	GlobalSection(SolutionConfigurationPlatforms) = preSolution
		Debug|Any CPU = Debug|Any CPU
		Release|Any CPU = Release|Any CPU
	EndGlobalSection
	GlobalSection(ProjectConfigurationPlatforms) = postSolution
		{B7578AD3-5640-45BA-B337-A2FA8CBC0473}.Debug|Any CPU.ActiveCfg = Debug|Any CPU
		{B7578AD3-5640-45BA-B337-A2FA8CBC0473}.Debug|Any CPU.Build.0 = Debug|Any CPU
		{B7578AD3-5640-45BA-B337-A2FA8CBC0473}.Release|Any CPU.ActiveCfg = Release|Any CPU
		{B7578AD3-5640-45BA-B337-A2FA8CBC0473}.Release|Any CPU.Build.0 = Release|Any CPU
	EndGlobalSection
	GlobalSection(SolutionProperties) = preSolution
		HideSolutionNode = FALSE
	EndGlobalSection
	GlobalSection(ExtensibilityGlobals) = postSolution
		SolutionGuid = {65CF775C-24DB-4679-8BEF-3C289BB082B0}
	EndGlobalSection
EndGlobal
